
Microsoft Visual Studio Solution File, Format Version 12.00
# Visual Studio Version 17
VisualStudioVersion = 17.12.35527.113 d17.12
MinimumVisualStudioVersion = 10.0.40219.1
Project("{FAE04EC0-301F-11D3-BF4B-00C04F79EFBC}") = "Core", "Core\Core.csproj", "{15A2AEC2-F283-4680-AFA6-D8949225BE59}"
EndProject
Project("{FAE04EC0-301F-11D3-BF4B-00C04F79EFBC}") = "GUI", "GUI\GUI.csproj", "{52A0E786-1139-4938-B499-4CFA5FBAD7F7}"
EndProject
Global
	GlobalSection(SolutionConfigurationPlatforms) = preSolution
		Debug|Any CPU = Debug|Any CPU
		Release|Any CPU = Release|Any CPU
	EndGlobalSection
	GlobalSection(ProjectConfigurationPlatforms) = postSolution
		{15A2AEC2-F283-4680-AFA6-D8949225BE59}.Debug|Any CPU.ActiveCfg = Debug|Any CPU
		{15A2AEC2-F283-4680-AFA6-D8949225BE59}.Debug|Any CPU.Build.0 = Debug|Any CPU
		{15A2AEC2-F283-4680-AFA6-D8949225BE59}.Release|Any CPU.ActiveCfg = Release|Any CPU
		{15A2AEC2-F283-4680-AFA6-D8949225BE59}.Release|Any CPU.Build.0 = Release|Any CPU
		{52A0E786-1139-4938-B499-4CFA5FBAD7F7}.Debug|Any CPU.ActiveCfg = Debug|Any CPU
		{52A0E786-1139-4938-B499-4CFA5FBAD7F7}.Debug|Any CPU.Build.0 = Debug|Any CPU
		{52A0E786-1139-4938-B499-4CFA5FBAD7F7}.Release|Any CPU.ActiveCfg = Release|Any CPU
		{52A0E786-1139-4938-B499-4CFA5FBAD7F7}.Release|Any CPU.Build.0 = Release|Any CPU
	EndGlobalSection
	GlobalSection(SolutionProperties) = preSolution
		HideSolutionNode = FALSE
	EndGlobalSection
EndGlobal
